// !$*UTF8*$!
{
	archiveVersion = 1;
	classes = {
	};
	objectVersion = 46;
	objects = {

/* Begin PBXBuildFile section */
		1179B76416C4AAC200146D28 /* UIKit.framework in Frameworks */ = {isa = PBXBuildFile; fileRef = 1179B76316C4AAC200146D28 /* UIKit.framework */; };
		1179B76616C4AAC200146D28 /* Foundation.framework in Frameworks */ = {isa = PBXBuildFile; fileRef = 1179B76516C4AAC200146D28 /* Foundation.framework */; };
		1179B76816C4AAC200146D28 /* CoreGraphics.framework in Frameworks */ = {isa = PBXBuildFile; fileRef = 1179B76716C4AAC200146D28 /* CoreGraphics.framework */; };
		1179B76E16C4AAC200146D28 /* InfoPlist.strings in Resources */ = {isa = PBXBuildFile; fileRef = 1179B76C16C4AAC200146D28 /* InfoPlist.strings */; };
		1179B77016C4AAC200146D28 /* main.m in Sources */ = {isa = PBXBuildFile; fileRef = 1179B76F16C4AAC200146D28 /* main.m */; };
		1179B77416C4AAC200146D28 /* PearlDeltaAppDelegate.m in Sources */ = {isa = PBXBuildFile; fileRef = 1179B77316C4AAC200146D28 /* PearlDeltaAppDelegate.m */; };
		1179B77616C4AAC200146D28 /* Default.png in Resources */ = {isa = PBXBuildFile; fileRef = 1179B77516C4AAC200146D28 /* Default.png */; };
		1179B77816C4AAC200146D28 /* Default@2x.png in Resources */ = {isa = PBXBuildFile; fileRef = 1179B77716C4AAC200146D28 /* Default@2x.png */; };
		1179B77A16C4AAC200146D28 /* Default-568h@2x.png in Resources */ = {isa = PBXBuildFile; fileRef = 1179B77916C4AAC200146D28 /* Default-568h@2x.png */; };
		1179B77D16C4AAC200146D28 /* MainStoryboard.storyboard in Resources */ = {isa = PBXBuildFile; fileRef = 1179B77B16C4AAC200146D28 /* MainStoryboard.storyboard */; };
		1179B78016C4AAC200146D28 /* PearlDeltaViewController.m in Sources */ = {isa = PBXBuildFile; fileRef = 1179B77F16C4AAC200146D28 /* PearlDeltaViewController.m */; };
/* End PBXBuildFile section */

/* Begin PBXFileReference section */
		1179B76016C4AAC200146D28 /* PearlDelta.app */ = {isa = PBXFileReference; explicitFileType = wrapper.application; includeInIndex = 0; path = PearlDelta.app; sourceTree = BUILT_PRODUCTS_DIR; };
		1179B76316C4AAC200146D28 /* UIKit.framework */ = {isa = PBXFileReference; lastKnownFileType = wrapper.framework; name = UIKit.framework; path = System/Library/Frameworks/UIKit.framework; sourceTree = SDKROOT; };
		1179B76516C4AAC200146D28 /* Foundation.framework */ = {isa = PBXFileReference; lastKnownFileType = wrapper.framework; name = Foundation.framework; path = System/Library/Frameworks/Foundation.framework; sourceTree = SDKROOT; };
		1179B76716C4AAC200146D28 /* CoreGraphics.framework */ = {isa = PBXFileReference; lastKnownFileType = wrapper.framework; name = CoreGraphics.framework; path = System/Library/Frameworks/CoreGraphics.framework; sourceTree = SDKROOT; };
		1179B76B16C4AAC200146D28 /* PearlDelta-Info.plist */ = {isa = PBXFileReference; lastKnownFileType = text.plist.xml; path = "PearlDelta-Info.plist"; sourceTree = "<group>"; };
		1179B76D16C4AAC200146D28 /* en */ = {isa = PBXFileReference; lastKnownFileType = text.plist.strings; name = en; path = en.lproj/InfoPlist.strings; sourceTree = "<group>"; };
		1179B76F16C4AAC200146D28 /* main.m */ = {isa = PBXFileReference; lastKnownFileType = sourcecode.c.objc; path = main.m; sourceTree = "<group>"; };
		1179B77116C4AAC200146D28 /* PearlDelta-Prefix.pch */ = {isa = PBXFileReference; lastKnownFileType = sourcecode.c.h; path = "PearlDelta-Prefix.pch"; sourceTree = "<group>"; };
		1179B77216C4AAC200146D28 /* PearlDeltaAppDelegate.h */ = {isa = PBXFileReference; lastKnownFileType = sourcecode.c.h; path = PearlDeltaAppDelegate.h; sourceTree = "<group>"; };
		1179B77316C4AAC200146D28 /* PearlDeltaAppDelegate.m */ = {isa = PBXFileReference; lastKnownFileType = sourcecode.c.objc; path = PearlDeltaAppDelegate.m; sourceTree = "<group>"; };
		1179B77516C4AAC200146D28 /* Default.png */ = {isa = PBXFileReference; lastKnownFileType = image.png; path = Default.png; sourceTree = "<group>"; };
		1179B77716C4AAC200146D28 /* Default@2x.png */ = {isa = PBXFileReference; lastKnownFileType = image.png; path = "Default@2x.png"; sourceTree = "<group>"; };
		1179B77916C4AAC200146D28 /* Default-568h@2x.png */ = {isa = PBXFileReference; lastKnownFileType = image.png; path = "Default-568h@2x.png"; sourceTree = "<group>"; };
		1179B77C16C4AAC200146D28 /* en */ = {isa = PBXFileReference; lastKnownFileType = file.storyboard; name = en; path = en.lproj/MainStoryboard.storyboard; sourceTree = "<group>"; };
		1179B77E16C4AAC200146D28 /* PearlDeltaViewController.h */ = {isa = PBXFileReference; lastKnownFileType = sourcecode.c.h; path = PearlDeltaViewController.h; sourceTree = "<group>"; };
		1179B77F16C4AAC200146D28 /* PearlDeltaViewController.m */ = {isa = PBXFileReference; lastKnownFileType = sourcecode.c.objc; path = PearlDeltaViewController.m; sourceTree = "<group>"; };
/* End PBXFileReference section */

/* Begin PBXFrameworksBuildPhase section */
		1179B75D16C4AAC200146D28 /* Frameworks */ = {
			isa = PBXFrameworksBuildPhase;
			buildActionMask = 2147483647;
			files = (
				1179B76416C4AAC200146D28 /* UIKit.framework in Frameworks */,
				1179B76616C4AAC200146D28 /* Foundation.framework in Frameworks */,
				1179B76816C4AAC200146D28 /* CoreGraphics.framework in Frameworks */,
			);
			runOnlyForDeploymentPostprocessing = 0;
		};
/* End PBXFrameworksBuildPhase section */

/* Begin PBXGroup section */
		1179B75716C4AAC200146D28 = {
			isa = PBXGroup;
			children = (
				1179B76916C4AAC200146D28 /* PearlDelta */,
				1179B76216C4AAC200146D28 /* Frameworks */,
				1179B76116C4AAC200146D28 /* Products */,
			);
			sourceTree = "<group>";
		};
		1179B76116C4AAC200146D28 /* Products */ = {
			isa = PBXGroup;
			children = (
				1179B76016C4AAC200146D28 /* PearlDelta.app */,
			);
			name = Products;
			sourceTree = "<group>";
		};
		1179B76216C4AAC200146D28 /* Frameworks */ = {
			isa = PBXGroup;
			children = (
				1179B76316C4AAC200146D28 /* UIKit.framework */,
				1179B76516C4AAC200146D28 /* Foundation.framework */,
				1179B76716C4AAC200146D28 /* CoreGraphics.framework */,
			);
			name = Frameworks;
			sourceTree = "<group>";
		};
		1179B76916C4AAC200146D28 /* PearlDelta */ = {
			isa = PBXGroup;
			children = (
				1179B77216C4AAC200146D28 /* PearlDeltaAppDelegate.h */,
				1179B77316C4AAC200146D28 /* PearlDeltaAppDelegate.m */,
				1179B77B16C4AAC200146D28 /* MainStoryboard.storyboard */,
				1179B77E16C4AAC200146D28 /* PearlDeltaViewController.h */,
				1179B77F16C4AAC200146D28 /* PearlDeltaViewController.m */,
				1179B76A16C4AAC200146D28 /* Supporting Files */,
			);
			path = PearlDelta;
			sourceTree = "<group>";
		};
		1179B76A16C4AAC200146D28 /* Supporting Files */ = {
			isa = PBXGroup;
			children = (
				1179B76B16C4AAC200146D28 /* PearlDelta-Info.plist */,
				1179B76C16C4AAC200146D28 /* InfoPlist.strings */,
				1179B76F16C4AAC200146D28 /* main.m */,
				1179B77116C4AAC200146D28 /* PearlDelta-Prefix.pch */,
				1179B77516C4AAC200146D28 /* Default.png */,
				1179B77716C4AAC200146D28 /* Default@2x.png */,
				1179B77916C4AAC200146D28 /* Default-568h@2x.png */,
			);
			name = "Supporting Files";
			sourceTree = "<group>";
		};
/* End PBXGroup section */

/* Begin PBXNativeTarget section */
		1179B75F16C4AAC200146D28 /* PearlDelta */ = {
			isa = PBXNativeTarget;
			buildConfigurationList = 1179B78316C4AAC200146D28 /* Build configuration list for PBXNativeTarget "PearlDelta" */;
			buildPhases = (
				1179B75C16C4AAC200146D28 /* Sources */,
				1179B75D16C4AAC200146D28 /* Frameworks */,
				1179B75E16C4AAC200146D28 /* Resources */,
			);
			buildRules = (
			);
			dependencies = (
			);
			name = PearlDelta;
			productName = PearlDelta;
			productReference = 1179B76016C4AAC200146D28 /* PearlDelta.app */;
			productType = "com.apple.product-type.application";
		};
/* End PBXNativeTarget section */

/* Begin PBXProject section */
		1179B75816C4AAC200146D28 /* Project object */ = {
			isa = PBXProject;
			attributes = {
				CLASSPREFIX = PearlDelta;
				LastUpgradeCheck = 0460;
				ORGANIZATIONNAME = com.genmk;
			};
			buildConfigurationList = 1179B75B16C4AAC200146D28 /* Build configuration list for PBXProject "PearlDelta" */;
			compatibilityVersion = "Xcode 3.2";
			developmentRegion = English;
			hasScannedForEncodings = 0;
			knownRegions = (
				en,
			);
			mainGroup = 1179B75716C4AAC200146D28;
			productRefGroup = 1179B76116C4AAC200146D28 /* Products */;
			projectDirPath = "";
			projectRoot = "";
			targets = (
				1179B75F16C4AAC200146D28 /* PearlDelta */,
			);
		};
/* End PBXProject section */

/* Begin PBXResourcesBuildPhase section */
		1179B75E16C4AAC200146D28 /* Resources */ = {
			isa = PBXResourcesBuildPhase;
			buildActionMask = 2147483647;
			files = (
				1179B76E16C4AAC200146D28 /* InfoPlist.strings in Resources */,
				1179B77616C4AAC200146D28 /* Default.png in Resources */,
				1179B77816C4AAC200146D28 /* Default@2x.png in Resources */,
				1179B77A16C4AAC200146D28 /* Default-568h@2x.png in Resources */,
				1179B77D16C4AAC200146D28 /* MainStoryboard.storyboard in Resources */,
			);
			runOnlyForDeploymentPostprocessing = 0;
		};
/* End PBXResourcesBuildPhase section */

/* Begin PBXSourcesBuildPhase section */
		1179B75C16C4AAC200146D28 /* Sources */ = {
			isa = PBXSourcesBuildPhase;
			buildActionMask = 2147483647;
			files = (
				1179B77016C4AAC200146D28 /* main.m in Sources */,
				1179B77416C4AAC200146D28 /* PearlDeltaAppDelegate.m in Sources */,
				1179B78016C4AAC200146D28 /* PearlDeltaViewController.m in Sources */,
			);
			runOnlyForDeploymentPostprocessing = 0;
		};
/* End PBXSourcesBuildPhase section */

/* Begin PBXVariantGroup section */
		1179B76C16C4AAC200146D28 /* InfoPlist.strings */ = {
			isa = PBXVariantGroup;
			children = (
				1179B76D16C4AAC200146D28 /* en */,
			);
			name = InfoPlist.strings;
			sourceTree = "<group>";
		};
		1179B77B16C4AAC200146D28 /* MainStoryboard.storyboard */ = {
			isa = PBXVariantGroup;
			children = (
				1179B77C16C4AAC200146D28 /* en */,
			);
			name = MainStoryboard.storyboard;
			sourceTree = "<group>";
		};
/* End PBXVariantGroup section */

/* Begin XCBuildConfiguration section */
		1179B78116C4AAC200146D28 /* Debug */ = {
			isa = XCBuildConfiguration;
			buildSettings = {
				ALWAYS_SEARCH_USER_PATHS = NO;
				CLANG_CXX_LANGUAGE_STANDARD = "gnu++0x";
				CLANG_CXX_LIBRARY = "libc++";
				CLANG_ENABLE_OBJC_ARC = YES;
				CLANG_WARN_CONSTANT_CONVERSION = YES;
				CLANG_WARN_EMPTY_BODY = YES;
				CLANG_WARN_ENUM_CONVERSION = YES;
				CLANG_WARN_INT_CONVERSION = YES;
				CLANG_WARN__DUPLICATE_METHOD_MATCH = YES;
				"CODE_SIGN_IDENTITY[sdk=iphoneos*]" = "iPhone Developer";
				COPY_PHASE_STRIP = NO;
				GCC_C_LANGUAGE_STANDARD = gnu99;
				GCC_DYNAMIC_NO_PIC = NO;
				GCC_OPTIMIZATION_LEVEL = 0;
				GCC_PREPROCESSOR_DEFINITIONS = (
					"DEBUG=1",
					"$(inherited)",
				);
				GCC_SYMBOLS_PRIVATE_EXTERN = NO;
				GCC_WARN_ABOUT_RETURN_TYPE = YES;
				GCC_WARN_UNINITIALIZED_AUTOS = YES;
				GCC_WARN_UNUSED_VARIABLE = YES;
				IPHONEOS_DEPLOYMENT_TARGET = 6.1;
				ONLY_ACTIVE_ARCH = YES;
				SDKROOT = iphoneos;
			};
			name = Debug;
		};
		1179B78216C4AAC200146D28 /* Release */ = {
			isa = XCBuildConfiguration;
			buildSettings = {
				ALWAYS_SEARCH_USER_PATHS = NO;
				CLANG_CXX_LANGUAGE_STANDARD = "gnu++0x";
				CLANG_CXX_LIBRARY = "libc++";
				CLANG_ENABLE_OBJC_ARC = YES;
				CLANG_WARN_CONSTANT_CONVERSION = YES;
				CLANG_WARN_EMPTY_BODY = YES;
				CLANG_WARN_ENUM_CONVERSION = YES;
				CLANG_WARN_INT_CONVERSION = YES;
				CLANG_WARN__DUPLICATE_METHOD_MATCH = YES;
				"CODE_SIGN_IDENTITY[sdk=iphoneos*]" = "iPhone Developer";
				COPY_PHASE_STRIP = YES;
				GCC_C_LANGUAGE_STANDARD = gnu99;
				GCC_WARN_ABOUT_RETURN_TYPE = YES;
				GCC_WARN_UNINITIALIZED_AUTOS = YES;
				GCC_WARN_UNUSED_VARIABLE = YES;
				IPHONEOS_DEPLOYMENT_TARGET = 6.1;
				OTHER_CFLAGS = "-DNS_BLOCK_ASSERTIONS=1";
				SDKROOT = iphoneos;
				VALIDATE_PRODUCT = YES;
			};
			name = Release;
		};
		1179B78416C4AAC200146D28 /* Debug */ = {
			isa = XCBuildConfiguration;
			buildSettings = {
				GCC_PRECOMPILE_PREFIX_HEADER = YES;
				GCC_PREFIX_HEADER = "PearlDelta/PearlDelta-Prefix.pch";
				INFOPLIST_FILE = "PearlDelta/PearlDelta-Info.plist";
				PRODUCT_NAME = "$(TARGET_NAME)";
				WRAPPER_EXTENSION = app;
			};
			name = Debug;
		};
		1179B78516C4AAC200146D28 /* Release */ = {
			isa = XCBuildConfiguration;
			buildSettings = {
				GCC_PRECOMPILE_PREFIX_HEADER = YES;
				GCC_PREFIX_HEADER = "PearlDelta/PearlDelta-Prefix.pch";
				INFOPLIST_FILE = "PearlDelta/PearlDelta-Info.plist";
				PRODUCT_NAME = "$(TARGET_NAME)";
				WRAPPER_EXTENSION = app;
			};
			name = Release;
		};
/* End XCBuildConfiguration section */

/* Begin XCConfigurationList section */
		1179B75B16C4AAC200146D28 /* Build configuration list for PBXProject "PearlDelta" */ = {
			isa = XCConfigurationList;
			buildConfigurations = (
				1179B78116C4AAC200146D28 /* Debug */,
				1179B78216C4AAC200146D28 /* Release */,
			);
			defaultConfigurationIsVisible = 0;
			defaultConfigurationName = Release;
		};
		1179B78316C4AAC200146D28 /* Build configuration list for PBXNativeTarget "PearlDelta" */ = {
			isa = XCConfigurationList;
			buildConfigurations = (
				1179B78416C4AAC200146D28 /* Debug */,
				1179B78516C4AAC200146D28 /* Release */,
			);
			defaultConfigurationIsVisible = 0;
		};
/* End XCConfigurationList section */
	};
	rootObject = 1179B75816C4AAC200146D28 /* Project object */;
}
