// !$*UTF8*$!
{
	archiveVersion = 1;
	classes = {
	};
	objectVersion = 46;
	objects = {

/* Begin PBXBuildFile section */
		1106C9AA16CA2B1300B288C7 /* RoutesTableViewController.m in Sources */ = {isa = PBXBuildFile; fileRef = 1106C9A916CA2B1300B288C7 /* RoutesTableViewController.m */; };
		1106C9B216CA438700B288C7 /* PearlDelta.xcdatamodeld in Sources */ = {isa = PBXBuildFile; fileRef = 1106C9B016CA438700B288C7 /* PearlDelta.xcdatamodeld */; };
		1106C9FC16CB91C200B288C7 /* CoreData.framework in Frameworks */ = {isa = PBXBuildFile; fileRef = 1106C9FB16CB91C200B288C7 /* CoreData.framework */; };
		1164750F16CBD601007C21F3 /* Operator.m in Sources */ = {isa = PBXBuildFile; fileRef = 1164750E16CBD601007C21F3 /* Operator.m */; };
		1179B76416C4AAC200146D28 /* UIKit.framework in Frameworks */ = {isa = PBXBuildFile; fileRef = 1179B76316C4AAC200146D28 /* UIKit.framework */; };
		1179B76616C4AAC200146D28 /* Foundation.framework in Frameworks */ = {isa = PBXBuildFile; fileRef = 1179B76516C4AAC200146D28 /* Foundation.framework */; };
		1179B76816C4AAC200146D28 /* CoreGraphics.framework in Frameworks */ = {isa = PBXBuildFile; fileRef = 1179B76716C4AAC200146D28 /* CoreGraphics.framework */; };
		1179B76E16C4AAC200146D28 /* InfoPlist.strings in Resources */ = {isa = PBXBuildFile; fileRef = 1179B76C16C4AAC200146D28 /* InfoPlist.strings */; };
		1179B77016C4AAC200146D28 /* main.m in Sources */ = {isa = PBXBuildFile; fileRef = 1179B76F16C4AAC200146D28 /* main.m */; };
		1179B77416C4AAC200146D28 /* PearlDeltaAppDelegate.m in Sources */ = {isa = PBXBuildFile; fileRef = 1179B77316C4AAC200146D28 /* PearlDeltaAppDelegate.m */; };
		1179B77616C4AAC200146D28 /* Default.png in Resources */ = {isa = PBXBuildFile; fileRef = 1179B77516C4AAC200146D28 /* Default.png */; };
		1179B77816C4AAC200146D28 /* Default@2x.png in Resources */ = {isa = PBXBuildFile; fileRef = 1179B77716C4AAC200146D28 /* Default@2x.png */; };
		1179B77A16C4AAC200146D28 /* Default-568h@2x.png in Resources */ = {isa = PBXBuildFile; fileRef = 1179B77916C4AAC200146D28 /* Default-568h@2x.png */; };
		1179B77D16C4AAC200146D28 /* MainStoryboard.storyboard in Resources */ = {isa = PBXBuildFile; fileRef = 1179B77B16C4AAC200146D28 /* MainStoryboard.storyboard */; };
		1179B78016C4AAC200146D28 /* PearlDeltaViewController.m in Sources */ = {isa = PBXBuildFile; fileRef = 1179B77F16C4AAC200146D28 /* PearlDeltaViewController.m */; };
		1179B78816C4AB7000146D28 /* CityPickerViewController.m in Sources */ = {isa = PBXBuildFile; fileRef = 1179B78716C4AB7000146D28 /* CityPickerViewController.m */; };
		1179B78B16C81B1900146D28 /* Trip.m in Sources */ = {isa = PBXBuildFile; fileRef = 1179B78A16C81B1900146D28 /* Trip.m */; };
		1179B79116C8DD1100146D28 /* orangeButton.png in Resources */ = {isa = PBXBuildFile; fileRef = 1179B78D16C8DD1000146D28 /* orangeButton.png */; };
		1179B79216C8DD1100146D28 /* orangeButton@2x.png in Resources */ = {isa = PBXBuildFile; fileRef = 1179B78E16C8DD1000146D28 /* orangeButton@2x.png */; };
		1179B79316C8DD1100146D28 /* orangeButtonHighlight.png in Resources */ = {isa = PBXBuildFile; fileRef = 1179B78F16C8DD1100146D28 /* orangeButtonHighlight.png */; };
		1179B79416C8DD1100146D28 /* orangeButtonHighlight@2x.png in Resources */ = {isa = PBXBuildFile; fileRef = 1179B79016C8DD1100146D28 /* orangeButtonHighlight@2x.png */; };
		1179B79916C8DD3800146D28 /* blueButton.png in Resources */ = {isa = PBXBuildFile; fileRef = 1179B79516C8DD3800146D28 /* blueButton.png */; };
		1179B79A16C8DD3800146D28 /* blueButton@2x.png in Resources */ = {isa = PBXBuildFile; fileRef = 1179B79616C8DD3800146D28 /* blueButton@2x.png */; };
		1179B79B16C8DD3800146D28 /* blueButtonHighlight.png in Resources */ = {isa = PBXBuildFile; fileRef = 1179B79716C8DD3800146D28 /* blueButtonHighlight.png */; };
		1179B79C16C8DD3800146D28 /* blueButtonHighlight@2x.png in Resources */ = {isa = PBXBuildFile; fileRef = 1179B79816C8DD3800146D28 /* blueButtonHighlight@2x.png */; };
		11AB8A9116CDE5B1002BDDA2 /* RouteDetailViewController.m in Sources */ = {isa = PBXBuildFile; fileRef = 11AB8A9016CDE5B1002BDDA2 /* RouteDetailViewController.m */; };
		11AB8A9516D0E968002BDDA2 /* Route.m in Sources */ = {isa = PBXBuildFile; fileRef = 11AB8A9416D0E968002BDDA2 /* Route.m */; };
		11AB8AA216D12C5C002BDDA2 /* ferry@2x.png in Resources */ = {isa = PBXBuildFile; fileRef = 11AB8A9E16D12C5B002BDDA2 /* ferry@2x.png */; };
		11AB8AA316D12C5C002BDDA2 /* ferry.png in Resources */ = {isa = PBXBuildFile; fileRef = 11AB8A9F16D12C5B002BDDA2 /* ferry.png */; };
		11AB8AA416D12C5C002BDDA2 /* train.png in Resources */ = {isa = PBXBuildFile; fileRef = 11AB8AA016D12C5C002BDDA2 /* train.png */; };
		11AB8AA516D12C5C002BDDA2 /* train@2x.png in Resources */ = {isa = PBXBuildFile; fileRef = 11AB8AA116D12C5C002BDDA2 /* train@2x.png */; };
		11AB8AB116D13943002BDDA2 /* Icon-Small@2x.png in Resources */ = {isa = PBXBuildFile; fileRef = 11AB8AA916D1393C002BDDA2 /* Icon-Small@2x.png */; };
		11AB8AB216D13943002BDDA2 /* Icon-Small-50.png in Resources */ = {isa = PBXBuildFile; fileRef = 11AB8AAA16D1393C002BDDA2 /* Icon-Small-50.png */; };
		11AB8AB316D13943002BDDA2 /* Icon-Small.png in Resources */ = {isa = PBXBuildFile; fileRef = 11AB8AAB16D1393C002BDDA2 /* Icon-Small.png */; };
		11AB8AB416D13943002BDDA2 /* Icon-72.png in Resources */ = {isa = PBXBuildFile; fileRef = 11AB8AAC16D1393D002BDDA2 /* Icon-72.png */; };
		11AB8AB516D13943002BDDA2 /* Icon@2x.png in Resources */ = {isa = PBXBuildFile; fileRef = 11AB8AAD16D1393E002BDDA2 /* Icon@2x.png */; };
		11AB8AB616D13943002BDDA2 /* Icon.png in Resources */ = {isa = PBXBuildFile; fileRef = 11AB8AAE16D1393F002BDDA2 /* Icon.png */; };
		11AB8AB716D13943002BDDA2 /* icon full.png in Resources */ = {isa = PBXBuildFile; fileRef = 11AB8AAF16D13940002BDDA2 /* icon full.png */; };
		11AB8AB816D13943002BDDA2 /* iTunesArtwork.png in Resources */ = {isa = PBXBuildFile; fileRef = 11AB8AB016D13941002BDDA2 /* iTunesArtwork.png */; };
		11BC50DC16CC19C70052EDD1 /* Station.m in Sources */ = {isa = PBXBuildFile; fileRef = 11BC50DB16CC19C70052EDD1 /* Station.m */; };
/* End PBXBuildFile section */

/* Begin PBXFileReference section */
		1106C9A816CA2B1300B288C7 /* RoutesTableViewController.h */ = {isa = PBXFileReference; fileEncoding = 4; lastKnownFileType = sourcecode.c.h; path = RoutesTableViewController.h; sourceTree = "<group>"; };
		1106C9A916CA2B1300B288C7 /* RoutesTableViewController.m */ = {isa = PBXFileReference; fileEncoding = 4; lastKnownFileType = sourcecode.c.objc; path = RoutesTableViewController.m; sourceTree = "<group>"; };
		1106C9B116CA438700B288C7 /* PearlDelta.xcdatamodel */ = {isa = PBXFileReference; lastKnownFileType = wrapper.xcdatamodel; path = PearlDelta.xcdatamodel; sourceTree = "<group>"; };
		1106C9FB16CB91C200B288C7 /* CoreData.framework */ = {isa = PBXFileReference; lastKnownFileType = wrapper.framework; name = CoreData.framework; path = System/Library/Frameworks/CoreData.framework; sourceTree = SDKROOT; };
		1164750D16CBD601007C21F3 /* Operator.h */ = {isa = PBXFileReference; fileEncoding = 4; lastKnownFileType = sourcecode.c.h; path = Operator.h; sourceTree = "<group>"; };
		1164750E16CBD601007C21F3 /* Operator.m */ = {isa = PBXFileReference; fileEncoding = 4; lastKnownFileType = sourcecode.c.objc; path = Operator.m; sourceTree = "<group>"; };
		1179B76016C4AAC200146D28 /* PearlDelta.app */ = {isa = PBXFileReference; explicitFileType = wrapper.application; includeInIndex = 0; path = PearlDelta.app; sourceTree = BUILT_PRODUCTS_DIR; };
		1179B76316C4AAC200146D28 /* UIKit.framework */ = {isa = PBXFileReference; lastKnownFileType = wrapper.framework; name = UIKit.framework; path = System/Library/Frameworks/UIKit.framework; sourceTree = SDKROOT; };
		1179B76516C4AAC200146D28 /* Foundation.framework */ = {isa = PBXFileReference; lastKnownFileType = wrapper.framework; name = Foundation.framework; path = System/Library/Frameworks/Foundation.framework; sourceTree = SDKROOT; };
		1179B76716C4AAC200146D28 /* CoreGraphics.framework */ = {isa = PBXFileReference; lastKnownFileType = wrapper.framework; name = CoreGraphics.framework; path = System/Library/Frameworks/CoreGraphics.framework; sourceTree = SDKROOT; };
		1179B76B16C4AAC200146D28 /* PearlDelta-Info.plist */ = {isa = PBXFileReference; lastKnownFileType = text.plist.xml; path = "PearlDelta-Info.plist"; sourceTree = "<group>"; };
		1179B76D16C4AAC200146D28 /* en */ = {isa = PBXFileReference; lastKnownFileType = text.plist.strings; name = en; path = en.lproj/InfoPlist.strings; sourceTree = "<group>"; };
		1179B76F16C4AAC200146D28 /* main.m */ = {isa = PBXFileReference; lastKnownFileType = sourcecode.c.objc; path = main.m; sourceTree = "<group>"; };
		1179B77116C4AAC200146D28 /* PearlDelta-Prefix.pch */ = {isa = PBXFileReference; lastKnownFileType = sourcecode.c.h; path = "PearlDelta-Prefix.pch"; sourceTree = "<group>"; };
		1179B77216C4AAC200146D28 /* PearlDeltaAppDelegate.h */ = {isa = PBXFileReference; lastKnownFileType = sourcecode.c.h; name = PearlDeltaAppDelegate.h; path = PearlDelta/PearlDeltaAppDelegate.h; sourceTree = "<group>"; };
		1179B77316C4AAC200146D28 /* PearlDeltaAppDelegate.m */ = {isa = PBXFileReference; lastKnownFileType = sourcecode.c.objc; name = PearlDeltaAppDelegate.m; path = PearlDelta/PearlDeltaAppDelegate.m; sourceTree = "<group>"; };
		1179B77516C4AAC200146D28 /* Default.png */ = {isa = PBXFileReference; lastKnownFileType = image.png; path = Default.png; sourceTree = "<group>"; };
		1179B77716C4AAC200146D28 /* Default@2x.png */ = {isa = PBXFileReference; lastKnownFileType = image.png; path = "Default@2x.png"; sourceTree = "<group>"; };
		1179B77916C4AAC200146D28 /* Default-568h@2x.png */ = {isa = PBXFileReference; lastKnownFileType = image.png; path = "Default-568h@2x.png"; sourceTree = "<group>"; };
		1179B77C16C4AAC200146D28 /* en */ = {isa = PBXFileReference; lastKnownFileType = file.storyboard; name = en; path = en.lproj/MainStoryboard.storyboard; sourceTree = "<group>"; };
		1179B77E16C4AAC200146D28 /* PearlDeltaViewController.h */ = {isa = PBXFileReference; lastKnownFileType = sourcecode.c.h; path = PearlDeltaViewController.h; sourceTree = "<group>"; };
		1179B77F16C4AAC200146D28 /* PearlDeltaViewController.m */ = {isa = PBXFileReference; lastKnownFileType = sourcecode.c.objc; path = PearlDeltaViewController.m; sourceTree = "<group>"; };
		1179B78616C4AB7000146D28 /* CityPickerViewController.h */ = {isa = PBXFileReference; fileEncoding = 4; lastKnownFileType = sourcecode.c.h; path = CityPickerViewController.h; sourceTree = "<group>"; };
		1179B78716C4AB7000146D28 /* CityPickerViewController.m */ = {isa = PBXFileReference; fileEncoding = 4; lastKnownFileType = sourcecode.c.objc; path = CityPickerViewController.m; sourceTree = "<group>"; };
		1179B78916C81B1900146D28 /* Trip.h */ = {isa = PBXFileReference; fileEncoding = 4; lastKnownFileType = sourcecode.c.h; path = Trip.h; sourceTree = "<group>"; };
		1179B78A16C81B1900146D28 /* Trip.m */ = {isa = PBXFileReference; fileEncoding = 4; lastKnownFileType = sourcecode.c.objc; path = Trip.m; sourceTree = "<group>"; };
		1179B78D16C8DD1000146D28 /* orangeButton.png */ = {isa = PBXFileReference; lastKnownFileType = image.png; path = orangeButton.png; sourceTree = "<group>"; };
		1179B78E16C8DD1000146D28 /* orangeButton@2x.png */ = {isa = PBXFileReference; lastKnownFileType = image.png; path = "orangeButton@2x.png"; sourceTree = "<group>"; };
		1179B78F16C8DD1100146D28 /* orangeButtonHighlight.png */ = {isa = PBXFileReference; lastKnownFileType = image.png; path = orangeButtonHighlight.png; sourceTree = "<group>"; };
		1179B79016C8DD1100146D28 /* orangeButtonHighlight@2x.png */ = {isa = PBXFileReference; lastKnownFileType = image.png; path = "orangeButtonHighlight@2x.png"; sourceTree = "<group>"; };
		1179B79516C8DD3800146D28 /* blueButton.png */ = {isa = PBXFileReference; lastKnownFileType = image.png; path = blueButton.png; sourceTree = "<group>"; };
		1179B79616C8DD3800146D28 /* blueButton@2x.png */ = {isa = PBXFileReference; lastKnownFileType = image.png; path = "blueButton@2x.png"; sourceTree = "<group>"; };
		1179B79716C8DD3800146D28 /* blueButtonHighlight.png */ = {isa = PBXFileReference; lastKnownFileType = image.png; path = blueButtonHighlight.png; sourceTree = "<group>"; };
		1179B79816C8DD3800146D28 /* blueButtonHighlight@2x.png */ = {isa = PBXFileReference; lastKnownFileType = image.png; path = "blueButtonHighlight@2x.png"; sourceTree = "<group>"; };
		11AB8A8F16CDE5B1002BDDA2 /* RouteDetailViewController.h */ = {isa = PBXFileReference; fileEncoding = 4; lastKnownFileType = sourcecode.c.h; path = RouteDetailViewController.h; sourceTree = "<group>"; };
		11AB8A9016CDE5B1002BDDA2 /* RouteDetailViewController.m */ = {isa = PBXFileReference; fileEncoding = 4; lastKnownFileType = sourcecode.c.objc; path = RouteDetailViewController.m; sourceTree = "<group>"; };
		11AB8A9316D0E968002BDDA2 /* Route.h */ = {isa = PBXFileReference; fileEncoding = 4; lastKnownFileType = sourcecode.c.h; path = Route.h; sourceTree = "<group>"; };
		11AB8A9416D0E968002BDDA2 /* Route.m */ = {isa = PBXFileReference; fileEncoding = 4; lastKnownFileType = sourcecode.c.objc; path = Route.m; sourceTree = "<group>"; };
		11AB8A9E16D12C5B002BDDA2 /* ferry@2x.png */ = {isa = PBXFileReference; lastKnownFileType = image.png; path = "ferry@2x.png"; sourceTree = "<group>"; };
		11AB8A9F16D12C5B002BDDA2 /* ferry.png */ = {isa = PBXFileReference; lastKnownFileType = image.png; path = ferry.png; sourceTree = "<group>"; };
		11AB8AA016D12C5C002BDDA2 /* train.png */ = {isa = PBXFileReference; lastKnownFileType = image.png; path = train.png; sourceTree = "<group>"; };
		11AB8AA116D12C5C002BDDA2 /* train@2x.png */ = {isa = PBXFileReference; lastKnownFileType = image.png; path = "train@2x.png"; sourceTree = "<group>"; };
		11AB8AA916D1393C002BDDA2 /* Icon-Small@2x.png */ = {isa = PBXFileReference; lastKnownFileType = image.png; path = "Icon-Small@2x.png"; sourceTree = "<group>"; };
		11AB8AAA16D1393C002BDDA2 /* Icon-Small-50.png */ = {isa = PBXFileReference; lastKnownFileType = image.png; path = "Icon-Small-50.png"; sourceTree = "<group>"; };
		11AB8AAB16D1393C002BDDA2 /* Icon-Small.png */ = {isa = PBXFileReference; lastKnownFileType = image.png; path = "Icon-Small.png"; sourceTree = "<group>"; };
		11AB8AAC16D1393D002BDDA2 /* Icon-72.png */ = {isa = PBXFileReference; lastKnownFileType = image.png; path = "Icon-72.png"; sourceTree = "<group>"; };
		11AB8AAD16D1393E002BDDA2 /* Icon@2x.png */ = {isa = PBXFileReference; lastKnownFileType = image.png; path = "Icon@2x.png"; sourceTree = "<group>"; };
		11AB8AAE16D1393F002BDDA2 /* Icon.png */ = {isa = PBXFileReference; lastKnownFileType = image.png; path = Icon.png; sourceTree = "<group>"; };
		11AB8AAF16D13940002BDDA2 /* icon full.png */ = {isa = PBXFileReference; lastKnownFileType = image.png; path = "icon full.png"; sourceTree = "<group>"; };
		11AB8AB016D13941002BDDA2 /* iTunesArtwork.png */ = {isa = PBXFileReference; lastKnownFileType = image.png; path = iTunesArtwork.png; sourceTree = "<group>"; };
		11BC50DA16CC19C70052EDD1 /* Station.h */ = {isa = PBXFileReference; fileEncoding = 4; lastKnownFileType = sourcecode.c.h; path = Station.h; sourceTree = "<group>"; };
		11BC50DB16CC19C70052EDD1 /* Station.m */ = {isa = PBXFileReference; fileEncoding = 4; lastKnownFileType = sourcecode.c.objc; path = Station.m; sourceTree = "<group>"; };
/* End PBXFileReference section */

/* Begin PBXFrameworksBuildPhase section */
		1179B75D16C4AAC200146D28 /* Frameworks */ = {
			isa = PBXFrameworksBuildPhase;
			buildActionMask = 2147483647;
			files = (
				1106C9FC16CB91C200B288C7 /* CoreData.framework in Frameworks */,
				1179B76416C4AAC200146D28 /* UIKit.framework in Frameworks */,
				1179B76616C4AAC200146D28 /* Foundation.framework in Frameworks */,
				1179B76816C4AAC200146D28 /* CoreGraphics.framework in Frameworks */,
			);
			runOnlyForDeploymentPostprocessing = 0;
		};
/* End PBXFrameworksBuildPhase section */

/* Begin PBXGroup section */
		1106C9AE16CA2B5D00B288C7 /* RoutesTable */ = {
			isa = PBXGroup;
			children = (
				1106C9A816CA2B1300B288C7 /* RoutesTableViewController.h */,
				1106C9A916CA2B1300B288C7 /* RoutesTableViewController.m */,
			);
			name = RoutesTable;
			sourceTree = "<group>";
		};
		1106C9AF16CA2B6800B288C7 /* Models */ = {
			isa = PBXGroup;
			children = (
				11BC50DA16CC19C70052EDD1 /* Station.h */,
				11BC50DB16CC19C70052EDD1 /* Station.m */,
				11AB8A9316D0E968002BDDA2 /* Route.h */,
				11AB8A9416D0E968002BDDA2 /* Route.m */,
				1164750D16CBD601007C21F3 /* Operator.h */,
				1164750E16CBD601007C21F3 /* Operator.m */,
				1179B78916C81B1900146D28 /* Trip.h */,
				1179B78A16C81B1900146D28 /* Trip.m */,
			);
			name = Models;
			sourceTree = "<group>";
		};
		1179B75716C4AAC200146D28 = {
			isa = PBXGroup;
			children = (
				11AB8AB916D13949002BDDA2 /* Icon */,
				1179B77216C4AAC200146D28 /* PearlDeltaAppDelegate.h */,
				1179B77316C4AAC200146D28 /* PearlDeltaAppDelegate.m */,
				1179B77B16C4AAC200146D28 /* MainStoryboard.storyboard */,
				1106C9B016CA438700B288C7 /* PearlDelta.xcdatamodeld */,
				11AB8AA616D12C67002BDDA2 /* TravelByIcons */,
				1106C9AF16CA2B6800B288C7 /* Models */,
				11AB8A9216CE30D7002BDDA2 /* RouteDetail */,
				1106C9AE16CA2B5D00B288C7 /* RoutesTable */,
				1179B78C16C81C0F00146D28 /* CityPicker */,
				1179B76916C4AAC200146D28 /* PearlDelta */,
				1179B79D16C8DD3C00146D28 /* images */,
				1179B76216C4AAC200146D28 /* Frameworks */,
				1179B76116C4AAC200146D28 /* Products */,
			);
			sourceTree = "<group>";
		};
		1179B76116C4AAC200146D28 /* Products */ = {
			isa = PBXGroup;
			children = (
				1179B76016C4AAC200146D28 /* PearlDelta.app */,
			);
			name = Products;
			sourceTree = "<group>";
		};
		1179B76216C4AAC200146D28 /* Frameworks */ = {
			isa = PBXGroup;
			children = (
				1106C9FB16CB91C200B288C7 /* CoreData.framework */,
				1179B76316C4AAC200146D28 /* UIKit.framework */,
				1179B76516C4AAC200146D28 /* Foundation.framework */,
				1179B76716C4AAC200146D28 /* CoreGraphics.framework */,
			);
			name = Frameworks;
			sourceTree = "<group>";
		};
		1179B76916C4AAC200146D28 /* PearlDelta */ = {
			isa = PBXGroup;
			children = (
				1179B77E16C4AAC200146D28 /* PearlDeltaViewController.h */,
				1179B77F16C4AAC200146D28 /* PearlDeltaViewController.m */,
				1179B76A16C4AAC200146D28 /* Supporting Files */,
			);
			path = PearlDelta;
			sourceTree = "<group>";
		};
		1179B76A16C4AAC200146D28 /* Supporting Files */ = {
			isa = PBXGroup;
			children = (
				1179B76B16C4AAC200146D28 /* PearlDelta-Info.plist */,
				1179B76C16C4AAC200146D28 /* InfoPlist.strings */,
				1179B76F16C4AAC200146D28 /* main.m */,
				1179B77116C4AAC200146D28 /* PearlDelta-Prefix.pch */,
				1179B77516C4AAC200146D28 /* Default.png */,
				1179B77716C4AAC200146D28 /* Default@2x.png */,
				1179B77916C4AAC200146D28 /* Default-568h@2x.png */,
			);
			name = "Supporting Files";
			sourceTree = "<group>";
		};
		1179B78C16C81C0F00146D28 /* CityPicker */ = {
			isa = PBXGroup;
			children = (
				1179B78616C4AB7000146D28 /* CityPickerViewController.h */,
				1179B78716C4AB7000146D28 /* CityPickerViewController.m */,
			);
			name = CityPicker;
			sourceTree = "<group>";
		};
		1179B79D16C8DD3C00146D28 /* images */ = {
			isa = PBXGroup;
			children = (
				1179B79516C8DD3800146D28 /* blueButton.png */,
				1179B79616C8DD3800146D28 /* blueButton@2x.png */,
				1179B79716C8DD3800146D28 /* blueButtonHighlight.png */,
				1179B79816C8DD3800146D28 /* blueButtonHighlight@2x.png */,
				1179B78D16C8DD1000146D28 /* orangeButton.png */,
				1179B78E16C8DD1000146D28 /* orangeButton@2x.png */,
				1179B78F16C8DD1100146D28 /* orangeButtonHighlight.png */,
				1179B79016C8DD1100146D28 /* orangeButtonHighlight@2x.png */,
			);
			name = images;
			sourceTree = "<group>";
		};
		11AB8A9216CE30D7002BDDA2 /* RouteDetail */ = {
			isa = PBXGroup;
			children = (
				11AB8A8F16CDE5B1002BDDA2 /* RouteDetailViewController.h */,
				11AB8A9016CDE5B1002BDDA2 /* RouteDetailViewController.m */,
			);
			name = RouteDetail;
			sourceTree = "<group>";
		};
		11AB8AA616D12C67002BDDA2 /* TravelByIcons */ = {
			isa = PBXGroup;
			children = (
				11AB8A9E16D12C5B002BDDA2 /* ferry@2x.png */,
				11AB8A9F16D12C5B002BDDA2 /* ferry.png */,
				11AB8AA016D12C5C002BDDA2 /* train.png */,
				11AB8AA116D12C5C002BDDA2 /* train@2x.png */,
			);
			name = TravelByIcons;
			sourceTree = "<group>";
		};
		11AB8AB916D13949002BDDA2 /* Icon */ = {
			isa = PBXGroup;
			children = (
				11AB8AA916D1393C002BDDA2 /* Icon-Small@2x.png */,
				11AB8AAA16D1393C002BDDA2 /* Icon-Small-50.png */,
				11AB8AAB16D1393C002BDDA2 /* Icon-Small.png */,
				11AB8AAC16D1393D002BDDA2 /* Icon-72.png */,
				11AB8AAD16D1393E002BDDA2 /* Icon@2x.png */,
				11AB8AAE16D1393F002BDDA2 /* Icon.png */,
				11AB8AAF16D13940002BDDA2 /* icon full.png */,
				11AB8AB016D13941002BDDA2 /* iTunesArtwork.png */,
			);
			name = Icon;
			sourceTree = "<group>";
		};
/* End PBXGroup section */

/* Begin PBXNativeTarget section */
		1179B75F16C4AAC200146D28 /* PearlDelta */ = {
			isa = PBXNativeTarget;
			buildConfigurationList = 1179B78316C4AAC200146D28 /* Build configuration list for PBXNativeTarget "PearlDelta" */;
			buildPhases = (
				1179B75C16C4AAC200146D28 /* Sources */,
				1179B75D16C4AAC200146D28 /* Frameworks */,
				1179B75E16C4AAC200146D28 /* Resources */,
			);
			buildRules = (
			);
			dependencies = (
			);
			name = PearlDelta;
			productName = PearlDelta;
			productReference = 1179B76016C4AAC200146D28 /* PearlDelta.app */;
			productType = "com.apple.product-type.application";
		};
/* End PBXNativeTarget section */

/* Begin PBXProject section */
		1179B75816C4AAC200146D28 /* Project object */ = {
			isa = PBXProject;
			attributes = {
				CLASSPREFIX = PearlDelta;
				LastUpgradeCheck = 0460;
				ORGANIZATIONNAME = com.genmk;
			};
			buildConfigurationList = 1179B75B16C4AAC200146D28 /* Build configuration list for PBXProject "PearlDelta" */;
			compatibilityVersion = "Xcode 3.2";
			developmentRegion = English;
			hasScannedForEncodings = 0;
			knownRegions = (
				en,
			);
			mainGroup = 1179B75716C4AAC200146D28;
			productRefGroup = 1179B76116C4AAC200146D28 /* Products */;
			projectDirPath = "";
			projectRoot = "";
			targets = (
				1179B75F16C4AAC200146D28 /* PearlDelta */,
			);
		};
/* End PBXProject section */

/* Begin PBXResourcesBuildPhase section */
		1179B75E16C4AAC200146D28 /* Resources */ = {
			isa = PBXResourcesBuildPhase;
			buildActionMask = 2147483647;
			files = (
				1179B76E16C4AAC200146D28 /* InfoPlist.strings in Resources */,
				1179B77616C4AAC200146D28 /* Default.png in Resources */,
				1179B77816C4AAC200146D28 /* Default@2x.png in Resources */,
				1179B77A16C4AAC200146D28 /* Default-568h@2x.png in Resources */,
				1179B77D16C4AAC200146D28 /* MainStoryboard.storyboard in Resources */,
				1179B79116C8DD1100146D28 /* orangeButton.png in Resources */,
				1179B79216C8DD1100146D28 /* orangeButton@2x.png in Resources */,
				1179B79316C8DD1100146D28 /* orangeButtonHighlight.png in Resources */,
				1179B79416C8DD1100146D28 /* orangeButtonHighlight@2x.png in Resources */,
				1179B79916C8DD3800146D28 /* blueButton.png in Resources */,
				1179B79A16C8DD3800146D28 /* blueButton@2x.png in Resources */,
				1179B79B16C8DD3800146D28 /* blueButtonHighlight.png in Resources */,
				1179B79C16C8DD3800146D28 /* blueButtonHighlight@2x.png in Resources */,
				11AB8AA216D12C5C002BDDA2 /* ferry@2x.png in Resources */,
				11AB8AA316D12C5C002BDDA2 /* ferry.png in Resources */,
				11AB8AA416D12C5C002BDDA2 /* train.png in Resources */,
				11AB8AA516D12C5C002BDDA2 /* train@2x.png in Resources */,
				11AB8AB116D13943002BDDA2 /* Icon-Small@2x.png in Resources */,
				11AB8AB216D13943002BDDA2 /* Icon-Small-50.png in Resources */,
				11AB8AB316D13943002BDDA2 /* Icon-Small.png in Resources */,
				11AB8AB416D13943002BDDA2 /* Icon-72.png in Resources */,
				11AB8AB516D13943002BDDA2 /* Icon@2x.png in Resources */,
				11AB8AB616D13943002BDDA2 /* Icon.png in Resources */,
				11AB8AB716D13943002BDDA2 /* icon full.png in Resources */,
				11AB8AB816D13943002BDDA2 /* iTunesArtwork.png in Resources */,
			);
			runOnlyForDeploymentPostprocessing = 0;
		};
/* End PBXResourcesBuildPhase section */

/* Begin PBXSourcesBuildPhase section */
		1179B75C16C4AAC200146D28 /* Sources */ = {
			isa = PBXSourcesBuildPhase;
			buildActionMask = 2147483647;
			files = (
				1179B77016C4AAC200146D28 /* main.m in Sources */,
				1179B77416C4AAC200146D28 /* PearlDeltaAppDelegate.m in Sources */,
				1179B78016C4AAC200146D28 /* PearlDeltaViewController.m in Sources */,
				1179B78816C4AB7000146D28 /* CityPickerViewController.m in Sources */,
				1179B78B16C81B1900146D28 /* Trip.m in Sources */,
				1106C9AA16CA2B1300B288C7 /* RoutesTableViewController.m in Sources */,
				1106C9B216CA438700B288C7 /* PearlDelta.xcdatamodeld in Sources */,
				1164750F16CBD601007C21F3 /* Operator.m in Sources */,
				11BC50DC16CC19C70052EDD1 /* Station.m in Sources */,
				11AB8A9116CDE5B1002BDDA2 /* RouteDetailViewController.m in Sources */,
				11AB8A9516D0E968002BDDA2 /* Route.m in Sources */,
			);
			runOnlyForDeploymentPostprocessing = 0;
		};
/* End PBXSourcesBuildPhase section */

/* Begin PBXVariantGroup section */
		1179B76C16C4AAC200146D28 /* InfoPlist.strings */ = {
			isa = PBXVariantGroup;
			children = (
				1179B76D16C4AAC200146D28 /* en */,
			);
			name = InfoPlist.strings;
			sourceTree = "<group>";
		};
		1179B77B16C4AAC200146D28 /* MainStoryboard.storyboard */ = {
			isa = PBXVariantGroup;
			children = (
				1179B77C16C4AAC200146D28 /* en */,
			);
			name = MainStoryboard.storyboard;
			path = PearlDelta;
			sourceTree = "<group>";
		};
/* End PBXVariantGroup section */

/* Begin XCBuildConfiguration section */
		1179B78116C4AAC200146D28 /* Debug */ = {
			isa = XCBuildConfiguration;
			buildSettings = {
				ALWAYS_SEARCH_USER_PATHS = NO;
				CLANG_CXX_LANGUAGE_STANDARD = "gnu++0x";
				CLANG_CXX_LIBRARY = "libc++";
				CLANG_ENABLE_OBJC_ARC = YES;
				CLANG_WARN_CONSTANT_CONVERSION = YES;
				CLANG_WARN_EMPTY_BODY = YES;
				CLANG_WARN_ENUM_CONVERSION = YES;
				CLANG_WARN_INT_CONVERSION = YES;
				CLANG_WARN__DUPLICATE_METHOD_MATCH = YES;
				"CODE_SIGN_IDENTITY[sdk=iphoneos*]" = "iPhone Developer";
				COPY_PHASE_STRIP = NO;
				GCC_C_LANGUAGE_STANDARD = gnu99;
				GCC_DYNAMIC_NO_PIC = NO;
				GCC_OPTIMIZATION_LEVEL = 0;
				GCC_PREPROCESSOR_DEFINITIONS = (
					"DEBUG=1",
					"$(inherited)",
				);
				GCC_SYMBOLS_PRIVATE_EXTERN = NO;
				GCC_WARN_ABOUT_RETURN_TYPE = YES;
				GCC_WARN_UNINITIALIZED_AUTOS = YES;
				GCC_WARN_UNUSED_VARIABLE = YES;
				IPHONEOS_DEPLOYMENT_TARGET = 6.1;
				ONLY_ACTIVE_ARCH = YES;
				SDKROOT = iphoneos;
			};
			name = Debug;
		};
		1179B78216C4AAC200146D28 /* Release */ = {
			isa = XCBuildConfiguration;
			buildSettings = {
				ALWAYS_SEARCH_USER_PATHS = NO;
				CLANG_CXX_LANGUAGE_STANDARD = "gnu++0x";
				CLANG_CXX_LIBRARY = "libc++";
				CLANG_ENABLE_OBJC_ARC = YES;
				CLANG_WARN_CONSTANT_CONVERSION = YES;
				CLANG_WARN_EMPTY_BODY = YES;
				CLANG_WARN_ENUM_CONVERSION = YES;
				CLANG_WARN_INT_CONVERSION = YES;
				CLANG_WARN__DUPLICATE_METHOD_MATCH = YES;
				"CODE_SIGN_IDENTITY[sdk=iphoneos*]" = "iPhone Developer";
				COPY_PHASE_STRIP = YES;
				GCC_C_LANGUAGE_STANDARD = gnu99;
				GCC_WARN_ABOUT_RETURN_TYPE = YES;
				GCC_WARN_UNINITIALIZED_AUTOS = YES;
				GCC_WARN_UNUSED_VARIABLE = YES;
				IPHONEOS_DEPLOYMENT_TARGET = 6.1;
				OTHER_CFLAGS = "-DNS_BLOCK_ASSERTIONS=1";
				SDKROOT = iphoneos;
				VALIDATE_PRODUCT = YES;
			};
			name = Release;
		};
		1179B78416C4AAC200146D28 /* Debug */ = {
			isa = XCBuildConfiguration;
			buildSettings = {
				GCC_PRECOMPILE_PREFIX_HEADER = YES;
				GCC_PREFIX_HEADER = "PearlDelta/PearlDelta-Prefix.pch";
				INFOPLIST_FILE = "PearlDelta/PearlDelta-Info.plist";
				PRODUCT_NAME = "$(TARGET_NAME)";
				WRAPPER_EXTENSION = app;
			};
			name = Debug;
		};
		1179B78516C4AAC200146D28 /* Release */ = {
			isa = XCBuildConfiguration;
			buildSettings = {
				GCC_PRECOMPILE_PREFIX_HEADER = YES;
				GCC_PREFIX_HEADER = "PearlDelta/PearlDelta-Prefix.pch";
				INFOPLIST_FILE = "PearlDelta/PearlDelta-Info.plist";
				PRODUCT_NAME = "$(TARGET_NAME)";
				WRAPPER_EXTENSION = app;
			};
			name = Release;
		};
/* End XCBuildConfiguration section */

/* Begin XCConfigurationList section */
		1179B75B16C4AAC200146D28 /* Build configuration list for PBXProject "PearlDelta" */ = {
			isa = XCConfigurationList;
			buildConfigurations = (
				1179B78116C4AAC200146D28 /* Debug */,
				1179B78216C4AAC200146D28 /* Release */,
			);
			defaultConfigurationIsVisible = 0;
			defaultConfigurationName = Release;
		};
		1179B78316C4AAC200146D28 /* Build configuration list for PBXNativeTarget "PearlDelta" */ = {
			isa = XCConfigurationList;
			buildConfigurations = (
				1179B78416C4AAC200146D28 /* Debug */,
				1179B78516C4AAC200146D28 /* Release */,
			);
			defaultConfigurationIsVisible = 0;
			defaultConfigurationName = Release;
		};
/* End XCConfigurationList section */

/* Begin XCVersionGroup section */
		1106C9B016CA438700B288C7 /* PearlDelta.xcdatamodeld */ = {
			isa = XCVersionGroup;
			children = (
				1106C9B116CA438700B288C7 /* PearlDelta.xcdatamodel */,
			);
			currentVersion = 1106C9B116CA438700B288C7 /* PearlDelta.xcdatamodel */;
			path = PearlDelta.xcdatamodeld;
			sourceTree = "<group>";
			versionGroupType = wrapper.xcdatamodel;
		};
/* End XCVersionGroup section */
	};
	rootObject = 1179B75816C4AAC200146D28 /* Project object */;
}
